
Microsoft Visual Studio Solution File, Format Version 12.00
Project("{FAE04EC0-301F-11D3-BF4B-00C04F79EFBC}") = "Lazy", "Lazy\Lazy.csproj", "{93659D18-057E-4FF2-B8C4-25D891741798}"
EndProject
Project("{FAE04EC0-301F-11D3-BF4B-00C04F79EFBC}") = "LazyTests", "LazyTests\LazyTests.csproj", "{11D67AE1-D6D2-4898-AA5E-79E50A9737CA}"
EndProject
Global
	GlobalSection(SolutionConfigurationPlatforms) = preSolution
		Debug|Any CPU = Debug|Any CPU
		Release|Any CPU = Release|Any CPU
	EndGlobalSection
	GlobalSection(ProjectConfigurationPlatforms) = postSolution
		{93659D18-057E-4FF2-B8C4-25D891741798}.Debug|Any CPU.ActiveCfg = Debug|Any CPU
		{93659D18-057E-4FF2-B8C4-25D891741798}.Debug|Any CPU.Build.0 = Debug|Any CPU
		{93659D18-057E-4FF2-B8C4-25D891741798}.Release|Any CPU.ActiveCfg = Release|Any CPU
		{93659D18-057E-4FF2-B8C4-25D891741798}.Release|Any CPU.Build.0 = Release|Any CPU
		{11D67AE1-D6D2-4898-AA5E-79E50A9737CA}.Debug|Any CPU.ActiveCfg = Debug|Any CPU
		{11D67AE1-D6D2-4898-AA5E-79E50A9737CA}.Debug|Any CPU.Build.0 = Debug|Any CPU
		{11D67AE1-D6D2-4898-AA5E-79E50A9737CA}.Release|Any CPU.ActiveCfg = Release|Any CPU
		{11D67AE1-D6D2-4898-AA5E-79E50A9737CA}.Release|Any CPU.Build.0 = Release|Any CPU
	EndGlobalSection
EndGlobal
