
Microsoft Visual Studio Solution File, Format Version 12.00
Project("{FAE04EC0-301F-11D3-BF4B-00C04F79EFBC}") = "Server", "Server\Server.csproj", "{409C5D72-BA17-4B3A-929A-2092C7BC6639}"
EndProject
Project("{FAE04EC0-301F-11D3-BF4B-00C04F79EFBC}") = "Client", "Client\Client.csproj", "{FDCBB2AF-D033-476A-9622-D3141A43B7C5}"
EndProject
Project("{FAE04EC0-301F-11D3-BF4B-00C04F79EFBC}") = "FTPTests", "FTPTests\FTPTests.csproj", "{53625853-E153-450E-B93B-152F1EFB0944}"
EndProject
Global
	GlobalSection(SolutionConfigurationPlatforms) = preSolution
		Debug|Any CPU = Debug|Any CPU
		Release|Any CPU = Release|Any CPU
	EndGlobalSection
	GlobalSection(ProjectConfigurationPlatforms) = postSolution
		{409C5D72-BA17-4B3A-929A-2092C7BC6639}.Debug|Any CPU.ActiveCfg = Debug|Any CPU
		{409C5D72-BA17-4B3A-929A-2092C7BC6639}.Debug|Any CPU.Build.0 = Debug|Any CPU
		{409C5D72-BA17-4B3A-929A-2092C7BC6639}.Release|Any CPU.ActiveCfg = Release|Any CPU
		{409C5D72-BA17-4B3A-929A-2092C7BC6639}.Release|Any CPU.Build.0 = Release|Any CPU
		{FDCBB2AF-D033-476A-9622-D3141A43B7C5}.Debug|Any CPU.ActiveCfg = Debug|Any CPU
		{FDCBB2AF-D033-476A-9622-D3141A43B7C5}.Debug|Any CPU.Build.0 = Debug|Any CPU
		{FDCBB2AF-D033-476A-9622-D3141A43B7C5}.Release|Any CPU.ActiveCfg = Release|Any CPU
		{FDCBB2AF-D033-476A-9622-D3141A43B7C5}.Release|Any CPU.Build.0 = Release|Any CPU
		{53625853-E153-450E-B93B-152F1EFB0944}.Debug|Any CPU.ActiveCfg = Debug|Any CPU
		{53625853-E153-450E-B93B-152F1EFB0944}.Debug|Any CPU.Build.0 = Debug|Any CPU
		{53625853-E153-450E-B93B-152F1EFB0944}.Release|Any CPU.ActiveCfg = Release|Any CPU
		{53625853-E153-450E-B93B-152F1EFB0944}.Release|Any CPU.Build.0 = Release|Any CPU
	EndGlobalSection
EndGlobal
