
Microsoft Visual Studio Solution File, Format Version 12.00
Project("{FAE04EC0-301F-11D3-BF4B-00C04F79EFBC}") = "MyThreadPool", "MyThreadPool\MyThreadPool.csproj", "{B0698EAD-5CDA-4927-8C85-073E4AF72D87}"
EndProject
Project("{FAE04EC0-301F-11D3-BF4B-00C04F79EFBC}") = "MyThreadPool.Tests", "MyThreadPool.Tests\MyThreadPool.Tests.csproj", "{AC160C1D-EC04-4902-A1A8-3E421DA3FEB3}"
EndProject
Global
	GlobalSection(SolutionConfigurationPlatforms) = preSolution
		Debug|Any CPU = Debug|Any CPU
		Release|Any CPU = Release|Any CPU
	EndGlobalSection
	GlobalSection(ProjectConfigurationPlatforms) = postSolution
		{B0698EAD-5CDA-4927-8C85-073E4AF72D87}.Debug|Any CPU.ActiveCfg = Debug|Any CPU
		{B0698EAD-5CDA-4927-8C85-073E4AF72D87}.Debug|Any CPU.Build.0 = Debug|Any CPU
		{B0698EAD-5CDA-4927-8C85-073E4AF72D87}.Release|Any CPU.ActiveCfg = Release|Any CPU
		{B0698EAD-5CDA-4927-8C85-073E4AF72D87}.Release|Any CPU.Build.0 = Release|Any CPU
		{AC160C1D-EC04-4902-A1A8-3E421DA3FEB3}.Debug|Any CPU.ActiveCfg = Debug|Any CPU
		{AC160C1D-EC04-4902-A1A8-3E421DA3FEB3}.Debug|Any CPU.Build.0 = Debug|Any CPU
		{AC160C1D-EC04-4902-A1A8-3E421DA3FEB3}.Release|Any CPU.ActiveCfg = Release|Any CPU
		{AC160C1D-EC04-4902-A1A8-3E421DA3FEB3}.Release|Any CPU.Build.0 = Release|Any CPU
	EndGlobalSection
EndGlobal
